
Microsoft Visual Studio Solution File, Format Version 12.00
# Visual Studio 15
VisualStudioVersion = 15.0.26730.16
MinimumVisualStudioVersion = 10.0.40219.1
Project("{FAE04EC0-301F-11D3-BF4B-00C04F79EFBC}") = "Programs.ConsoleApp", "Programs.ConsoleApp\Programs.ConsoleApp.csproj", "{308DE867-2AAC-4464-A7D6-27E35C84985D}"
EndProject
Project("{FAE04EC0-301F-11D3-BF4B-00C04F79EFBC}") = "Basic.Programs", "Basic.Programs\Basic.Programs.csproj", "{70468BF6-0D8E-4A66-9923-C6689CF0F4F7}"
EndProject
Project("{FAE04EC0-301F-11D3-BF4B-00C04F79EFBC}") = "Programs.CoreLibrary", "Programs.CoreLibrary\Programs.CoreLibrary.csproj", "{65BE5070-BABC-4A10-B73E-0787E7F31AB0}"
EndProject
Global
	GlobalSection(SolutionConfigurationPlatforms) = preSolution
		Debug|Any CPU = Debug|Any CPU
		Release|Any CPU = Release|Any CPU
	EndGlobalSection
	GlobalSection(ProjectConfigurationPlatforms) = postSolution
		{308DE867-2AAC-4464-A7D6-27E35C84985D}.Debug|Any CPU.ActiveCfg = Debug|Any CPU
		{308DE867-2AAC-4464-A7D6-27E35C84985D}.Debug|Any CPU.Build.0 = Debug|Any CPU
		{308DE867-2AAC-4464-A7D6-27E35C84985D}.Release|Any CPU.ActiveCfg = Release|Any CPU
		{308DE867-2AAC-4464-A7D6-27E35C84985D}.Release|Any CPU.Build.0 = Release|Any CPU
		{70468BF6-0D8E-4A66-9923-C6689CF0F4F7}.Debug|Any CPU.ActiveCfg = Debug|Any CPU
		{70468BF6-0D8E-4A66-9923-C6689CF0F4F7}.Debug|Any CPU.Build.0 = Debug|Any CPU
		{70468BF6-0D8E-4A66-9923-C6689CF0F4F7}.Release|Any CPU.ActiveCfg = Release|Any CPU
		{70468BF6-0D8E-4A66-9923-C6689CF0F4F7}.Release|Any CPU.Build.0 = Release|Any CPU
		{65BE5070-BABC-4A10-B73E-0787E7F31AB0}.Debug|Any CPU.ActiveCfg = Debug|Any CPU
		{65BE5070-BABC-4A10-B73E-0787E7F31AB0}.Debug|Any CPU.Build.0 = Debug|Any CPU
		{65BE5070-BABC-4A10-B73E-0787E7F31AB0}.Release|Any CPU.ActiveCfg = Release|Any CPU
		{65BE5070-BABC-4A10-B73E-0787E7F31AB0}.Release|Any CPU.Build.0 = Release|Any CPU
	EndGlobalSection
	GlobalSection(SolutionProperties) = preSolution
		HideSolutionNode = FALSE
	EndGlobalSection
	GlobalSection(ExtensibilityGlobals) = postSolution
		SolutionGuid = {BF482FFA-DB32-4D43-8478-CFA2DA06FAFB}
	EndGlobalSection
EndGlobal
